
Microsoft Visual Studio Solution File, Format Version 12.00
# Visual Studio Version 17
VisualStudioVersion = 17.0.32014.148
MinimumVisualStudioVersion = 10.0.40219.1
Project("{FAE04EC0-301F-11D3-BF4B-00C04F79EFBC}") = "FlexibleList", "FlexibleList\FlexibleList.csproj", "{0F6688E8-8497-4546-A0D9-AF651E9792D0}"
EndProject
Global
	GlobalSection(SolutionConfigurationPlatforms) = preSolution
		Debug|Any CPU = Debug|Any CPU
		Release|Any CPU = Release|Any CPU
	EndGlobalSection
	GlobalSection(ProjectConfigurationPlatforms) = postSolution
		{0F6688E8-8497-4546-A0D9-AF651E9792D0}.Debug|Any CPU.ActiveCfg = Debug|Any CPU
		{0F6688E8-8497-4546-A0D9-AF651E9792D0}.Debug|Any CPU.Build.0 = Debug|Any CPU
		{0F6688E8-8497-4546-A0D9-AF651E9792D0}.Release|Any CPU.ActiveCfg = Release|Any CPU
		{0F6688E8-8497-4546-A0D9-AF651E9792D0}.Release|Any CPU.Build.0 = Release|Any CPU
	EndGlobalSection
	GlobalSection(SolutionProperties) = preSolution
		HideSolutionNode = FALSE
	EndGlobalSection
	GlobalSection(ExtensibilityGlobals) = postSolution
		SolutionGuid = {DF8E960B-5A90-4573-B401-0B40CEE0A0FD}
	EndGlobalSection
EndGlobal
